
Microsoft Visual Studio Solution File, Format Version 12.00
# Visual Studio 15
VisualStudioVersion = 15.0.28307.136
MinimumVisualStudioVersion = 10.0.40219.1
Project("{FAE04EC0-301F-11D3-BF4B-00C04F79EFBC}") = "Owl", "Owl\Owl.csproj", "{6AABADB5-5CC4-4B0F-B463-C831F329CA9D}"
EndProject
Global
	GlobalSection(SolutionConfigurationPlatforms) = preSolution
		Debug|Any CPU = Debug|Any CPU
		Release|Any CPU = Release|Any CPU
	EndGlobalSection
	GlobalSection(ProjectConfigurationPlatforms) = postSolution
		{6AABADB5-5CC4-4B0F-B463-C831F329CA9D}.Debug|Any CPU.ActiveCfg = Debug|Any CPU
		{6AABADB5-5CC4-4B0F-B463-C831F329CA9D}.Debug|Any CPU.Build.0 = Debug|Any CPU
		{6AABADB5-5CC4-4B0F-B463-C831F329CA9D}.Release|Any CPU.ActiveCfg = Release|Any CPU
		{6AABADB5-5CC4-4B0F-B463-C831F329CA9D}.Release|Any CPU.Build.0 = Release|Any CPU
	EndGlobalSection
	GlobalSection(SolutionProperties) = preSolution
		HideSolutionNode = FALSE
	EndGlobalSection
	GlobalSection(ExtensibilityGlobals) = postSolution
		SolutionGuid = {3FEFFBBF-493C-4627-A4A4-AD468B2F5BF3}
	EndGlobalSection
EndGlobal
